{
  "name": "projekt_koncowy",
  "lockfileVersion": 2,
  "requires": true,
  "packages": {
    "": {
      "dependencies": {
        "jquery-ui-timepicker-addon": "^1.6.3"
      }
    },
    "node_modules/jquery-ui-timepicker-addon": {
      "version": "1.6.3",
      "resolved": "https://registry.npmjs.org/jquery-ui-timepicker-addon/-/jquery-ui-timepicker-addon-1.6.3.tgz",
      "integrity": "sha512-JvZTp1vGN1Ws9tr39VPRBC1/cOVdY/pa6a2mMcAXpEgjrsXc02xBXQthDtQsBXEqR0FbZV+GdXi/c+LDpuyk/A==",
      "engines": {
        "node": ">= 0.8.0"
      }
    }
  },
  "dependencies": {
    "jquery-ui-timepicker-addon": {
      "version": "1.6.3",
      "resolved": "https://registry.npmjs.org/jquery-ui-timepicker-addon/-/jquery-ui-timepicker-addon-1.6.3.tgz",
      "integrity": "sha512-JvZTp1vGN1Ws9tr39VPRBC1/cOVdY/pa6a2mMcAXpEgjrsXc02xBXQthDtQsBXEqR0FbZV+GdXi/c+LDpuyk/A=="
    }
  }
}
